
Microsoft Visual Studio Solution File, Format Version 12.00
# Visual Studio 15
VisualStudioVersion = 15.0.28307.168
MinimumVisualStudioVersion = 10.0.40219.1
Project("{FAE04EC0-301F-11D3-BF4B-00C04F79EFBC}") = "AppVolumeCntrlr_v0.4", "AppVolumeCntrlr_v0.4\AppVolumeCntrlr_v0.4.csproj", "{D22B0614-6D37-48C9-9371-370A3CF4EA3F}"
EndProject
Global
	GlobalSection(SolutionConfigurationPlatforms) = preSolution
		Debug|Any CPU = Debug|Any CPU
		Release|Any CPU = Release|Any CPU
	EndGlobalSection
	GlobalSection(ProjectConfigurationPlatforms) = postSolution
		{D22B0614-6D37-48C9-9371-370A3CF4EA3F}.Debug|Any CPU.ActiveCfg = Debug|Any CPU
		{D22B0614-6D37-48C9-9371-370A3CF4EA3F}.Debug|Any CPU.Build.0 = Debug|Any CPU
		{D22B0614-6D37-48C9-9371-370A3CF4EA3F}.Release|Any CPU.ActiveCfg = Release|Any CPU
		{D22B0614-6D37-48C9-9371-370A3CF4EA3F}.Release|Any CPU.Build.0 = Release|Any CPU
	EndGlobalSection
	GlobalSection(SolutionProperties) = preSolution
		HideSolutionNode = FALSE
	EndGlobalSection
	GlobalSection(ExtensibilityGlobals) = postSolution
		SolutionGuid = {3F64E7CD-D313-454B-A1A2-32B7C81106F9}
	EndGlobalSection
EndGlobal
